
Microsoft Visual Studio Solution File, Format Version 12.00
# Visual Studio Version 16
VisualStudioVersion = 16.0.30523.141
MinimumVisualStudioVersion = 10.0.40219.1
Project("{9A19103F-16F7-4668-BE54-9A1E7A4F7556}") = "Cifra.ConsoleHost", "Cifra.ConsoleHost\Cifra.ConsoleHost.csproj", "{BDA38197-1BF6-4BF6-9F80-62A7CAB0E366}"
EndProject
Project("{9A19103F-16F7-4668-BE54-9A1E7A4F7556}") = "Cifra.Application", "Cifra.Application\Cifra.Application.csproj", "{DF459647-6414-4A50-9887-8B071713BC3D}"
EndProject
Project("{9A19103F-16F7-4668-BE54-9A1E7A4F7556}") = "Cifra.Application.UnitTests", "Cifra.Application.UnitTests\Cifra.Application.UnitTests.csproj", "{D39CF269-7B7D-4124-B58D-97EDC98629B2}"
EndProject
Project("{9A19103F-16F7-4668-BE54-9A1E7A4F7556}") = "Cifra.FileSystem", "Cifra.FileSystem\Cifra.FileSystem.csproj", "{8468699C-C2AA-4325-B68D-9C88801C2FF7}"
EndProject
Project("{9A19103F-16F7-4668-BE54-9A1E7A4F7556}") = "SpreadsheetWriter.Abstractions", "WorksheetWriter.Abstractions\SpreadsheetWriter.Abstractions.csproj", "{EF8D0CBC-EFF3-482A-80B7-1825A0B91D85}"
EndProject
Project("{9A19103F-16F7-4668-BE54-9A1E7A4F7556}") = "SpreadsheetWriter.EPPlus", "WorksheetWriter.EPPlus\SpreadsheetWriter.EPPlus.csproj", "{3639FAC1-1BAB-45EB-A96B-7182512BB695}"
EndProject
Project("{9A19103F-16F7-4668-BE54-9A1E7A4F7556}") = "Cifra.FileSystem.UnitTests", "Cifra.FileSystem.UnitTests\Cifra.FileSystem.UnitTests.csproj", "{2BE99014-CB3D-4275-988A-EC65FEECDE51}"
EndProject
Project("{9A19103F-16F7-4668-BE54-9A1E7A4F7556}") = "WorksheetWriter.Test", "WorksheetWriter.Test\WorksheetWriter.Test.csproj", "{68F046E7-1B88-4A1D-82A0-C011211034EC}"
EndProject
Project("{FAE04EC0-301F-11D3-BF4B-00C04F79EFBC}") = "Cifra.TestUtilities", "Cifra.TestUtilities\Cifra.TestUtilities.csproj", "{034931D0-D61B-4F45-AAB0-7680631D8948}"
EndProject
Global
	GlobalSection(SolutionConfigurationPlatforms) = preSolution
		Debug|Any CPU = Debug|Any CPU
		Release|Any CPU = Release|Any CPU
	EndGlobalSection
	GlobalSection(ProjectConfigurationPlatforms) = postSolution
		{BDA38197-1BF6-4BF6-9F80-62A7CAB0E366}.Debug|Any CPU.ActiveCfg = Debug|Any CPU
		{BDA38197-1BF6-4BF6-9F80-62A7CAB0E366}.Debug|Any CPU.Build.0 = Debug|Any CPU
		{BDA38197-1BF6-4BF6-9F80-62A7CAB0E366}.Release|Any CPU.ActiveCfg = Release|Any CPU
		{BDA38197-1BF6-4BF6-9F80-62A7CAB0E366}.Release|Any CPU.Build.0 = Release|Any CPU
		{DF459647-6414-4A50-9887-8B071713BC3D}.Debug|Any CPU.ActiveCfg = Debug|Any CPU
		{DF459647-6414-4A50-9887-8B071713BC3D}.Debug|Any CPU.Build.0 = Debug|Any CPU
		{DF459647-6414-4A50-9887-8B071713BC3D}.Release|Any CPU.ActiveCfg = Release|Any CPU
		{DF459647-6414-4A50-9887-8B071713BC3D}.Release|Any CPU.Build.0 = Release|Any CPU
		{D39CF269-7B7D-4124-B58D-97EDC98629B2}.Debug|Any CPU.ActiveCfg = Debug|Any CPU
		{D39CF269-7B7D-4124-B58D-97EDC98629B2}.Debug|Any CPU.Build.0 = Debug|Any CPU
		{D39CF269-7B7D-4124-B58D-97EDC98629B2}.Release|Any CPU.ActiveCfg = Release|Any CPU
		{D39CF269-7B7D-4124-B58D-97EDC98629B2}.Release|Any CPU.Build.0 = Release|Any CPU
		{8468699C-C2AA-4325-B68D-9C88801C2FF7}.Debug|Any CPU.ActiveCfg = Debug|Any CPU
		{8468699C-C2AA-4325-B68D-9C88801C2FF7}.Debug|Any CPU.Build.0 = Debug|Any CPU
		{8468699C-C2AA-4325-B68D-9C88801C2FF7}.Release|Any CPU.ActiveCfg = Release|Any CPU
		{8468699C-C2AA-4325-B68D-9C88801C2FF7}.Release|Any CPU.Build.0 = Release|Any CPU
		{EF8D0CBC-EFF3-482A-80B7-1825A0B91D85}.Debug|Any CPU.ActiveCfg = Debug|Any CPU
		{EF8D0CBC-EFF3-482A-80B7-1825A0B91D85}.Debug|Any CPU.Build.0 = Debug|Any CPU
		{EF8D0CBC-EFF3-482A-80B7-1825A0B91D85}.Release|Any CPU.ActiveCfg = Release|Any CPU
		{EF8D0CBC-EFF3-482A-80B7-1825A0B91D85}.Release|Any CPU.Build.0 = Release|Any CPU
		{3639FAC1-1BAB-45EB-A96B-7182512BB695}.Debug|Any CPU.ActiveCfg = Debug|Any CPU
		{3639FAC1-1BAB-45EB-A96B-7182512BB695}.Debug|Any CPU.Build.0 = Debug|Any CPU
		{3639FAC1-1BAB-45EB-A96B-7182512BB695}.Release|Any CPU.ActiveCfg = Release|Any CPU
		{3639FAC1-1BAB-45EB-A96B-7182512BB695}.Release|Any CPU.Build.0 = Release|Any CPU
		{2BE99014-CB3D-4275-988A-EC65FEECDE51}.Debug|Any CPU.ActiveCfg = Debug|Any CPU
		{2BE99014-CB3D-4275-988A-EC65FEECDE51}.Debug|Any CPU.Build.0 = Debug|Any CPU
		{2BE99014-CB3D-4275-988A-EC65FEECDE51}.Release|Any CPU.ActiveCfg = Release|Any CPU
		{2BE99014-CB3D-4275-988A-EC65FEECDE51}.Release|Any CPU.Build.0 = Release|Any CPU
		{68F046E7-1B88-4A1D-82A0-C011211034EC}.Debug|Any CPU.ActiveCfg = Debug|Any CPU
		{68F046E7-1B88-4A1D-82A0-C011211034EC}.Debug|Any CPU.Build.0 = Debug|Any CPU
		{68F046E7-1B88-4A1D-82A0-C011211034EC}.Release|Any CPU.ActiveCfg = Release|Any CPU
		{68F046E7-1B88-4A1D-82A0-C011211034EC}.Release|Any CPU.Build.0 = Release|Any CPU
		{034931D0-D61B-4F45-AAB0-7680631D8948}.Debug|Any CPU.ActiveCfg = Debug|Any CPU
		{034931D0-D61B-4F45-AAB0-7680631D8948}.Debug|Any CPU.Build.0 = Debug|Any CPU
		{034931D0-D61B-4F45-AAB0-7680631D8948}.Release|Any CPU.ActiveCfg = Release|Any CPU
		{034931D0-D61B-4F45-AAB0-7680631D8948}.Release|Any CPU.Build.0 = Release|Any CPU
	EndGlobalSection
	GlobalSection(SolutionProperties) = preSolution
		HideSolutionNode = FALSE
	EndGlobalSection
	GlobalSection(ExtensibilityGlobals) = postSolution
		SolutionGuid = {34CB8F11-C2C8-4D51-A811-D7A2FAC394BA}
	EndGlobalSection
EndGlobal
