
Microsoft Visual Studio Solution File, Format Version 12.00
# Visual Studio Version 17
VisualStudioVersion = 17.0.31903.59
MinimumVisualStudioVersion = 10.0.40219.1
Project("{2150E333-8FDC-42A3-9474-1A3956D46DE8}") = "src", "src", "{F2B774D1-B7AD-49C0-85F9-130B5EAA5712}"
EndProject
Project("{2150E333-8FDC-42A3-9474-1A3956D46DE8}") = "test", "test", "{624EFF20-05ED-4C9D-BF4C-62E0E9B22C73}"
EndProject
Project("{9A19103F-16F7-4668-BE54-9A1E7A4F7556}") = "Cifra.Api", "src\Cifra.Api\Cifra.Api.csproj", "{0767168B-AE62-4634-9E3C-ECCB68866B28}"
EndProject
Project("{9A19103F-16F7-4668-BE54-9A1E7A4F7556}") = "Cifra.Api.Client", "src\Cifra.Api.Client\Cifra.Api.Client.csproj", "{57419457-A982-430E-B360-A5BE4E8FB4E9}"
EndProject
Project("{9A19103F-16F7-4668-BE54-9A1E7A4F7556}") = "Cifra.Application", "src\Cifra.Application\Cifra.Application.csproj", "{FDD170AD-F5F8-4E66-9231-7E80AAE7A324}"
EndProject
Project("{9A19103F-16F7-4668-BE54-9A1E7A4F7556}") = "Cifra.Database", "src\Cifra.Database\Cifra.Database.csproj", "{4638ADC6-B516-4784-A2A0-8105B4C1F5AB}"
EndProject
Project("{9A19103F-16F7-4668-BE54-9A1E7A4F7556}") = "Cifra.Domain", "src\Cifra.Domain\Cifra.Domain.csproj", "{0712F038-D45F-4C78-B202-EC76D1017604}"
EndProject
Project("{9A19103F-16F7-4668-BE54-9A1E7A4F7556}") = "Cifra.FileSystem", "src\Cifra.FileSystem\Cifra.FileSystem.csproj", "{F48B2EFA-F78B-4BD3-866E-3765F2547023}"
EndProject
Project("{9A19103F-16F7-4668-BE54-9A1E7A4F7556}") = "Cifra.Frontend", "src\Cifra.Frontend\Cifra.Frontend.csproj", "{07C47E5C-F784-47AC-A7AA-0BB7C6D02215}"
EndProject
Project("{9A19103F-16F7-4668-BE54-9A1E7A4F7556}") = "Cifra.Api.UnitTests", "test\Cifra.Api.UnitTests\Cifra.Api.UnitTests.csproj", "{B92FDBED-98F0-4268-89DD-0E3682B0D1B5}"
EndProject
Project("{9A19103F-16F7-4668-BE54-9A1E7A4F7556}") = "Cifra.Application.UnitTests", "test\Cifra.Application.UnitTests\Cifra.Application.UnitTests.csproj", "{D082B72D-F964-4EBD-B2B2-926CB439C64A}"
EndProject
Project("{9A19103F-16F7-4668-BE54-9A1E7A4F7556}") = "Cifra.Database.UnitTests", "test\Cifra.Database.UnitTests\Cifra.Database.UnitTests.csproj", "{E7D4438A-2754-4C79-837A-6D860F458DDF}"
EndProject
Project("{9A19103F-16F7-4668-BE54-9A1E7A4F7556}") = "Cifra.FileSystem.UnitTests", "test\Cifra.FileSystem.UnitTests\Cifra.FileSystem.UnitTests.csproj", "{E9A5956A-1AEA-4D36-ADB3-A2907F272C33}"
EndProject
Project("{9A19103F-16F7-4668-BE54-9A1E7A4F7556}") = "Cifra.Frontend.Tests", "test\Cifra.Frontend.Tests\Cifra.Frontend.Tests.csproj", "{B0B5BA7C-54B4-40DB-ACED-103AA157B95B}"
EndProject
Project("{9A19103F-16F7-4668-BE54-9A1E7A4F7556}") = "Cifra.TestUtilities", "test\Cifra.TestUtilities\Cifra.TestUtilities.csproj", "{94645A24-48DD-4C9A-8372-0D9A42E6AA30}"
EndProject
Project("{9A19103F-16F7-4668-BE54-9A1E7A4F7556}") = "Cifra.Api.IntegrationTests", "test\Cifra.Api.IntegrationTests\Cifra.Api.IntegrationTests.csproj", "{27470399-4D74-4180-B571-C4C0C03432E2}"
EndProject
Project("{FAE04EC0-301F-11D3-BF4B-00C04F79EFBC}") = "Cifra.Commands", "src\Cifra.Commands\Cifra.Commands.csproj", "{236F3CB5-940C-4C36-8D45-E7C4C6B507DB}"
EndProject
Global
	GlobalSection(SolutionConfigurationPlatforms) = preSolution
		Debug|Any CPU = Debug|Any CPU
		Release|Any CPU = Release|Any CPU
	EndGlobalSection
	GlobalSection(ProjectConfigurationPlatforms) = postSolution
		{0767168B-AE62-4634-9E3C-ECCB68866B28}.Debug|Any CPU.ActiveCfg = Debug|Any CPU
		{0767168B-AE62-4634-9E3C-ECCB68866B28}.Debug|Any CPU.Build.0 = Debug|Any CPU
		{0767168B-AE62-4634-9E3C-ECCB68866B28}.Release|Any CPU.ActiveCfg = Release|Any CPU
		{0767168B-AE62-4634-9E3C-ECCB68866B28}.Release|Any CPU.Build.0 = Release|Any CPU
		{57419457-A982-430E-B360-A5BE4E8FB4E9}.Debug|Any CPU.ActiveCfg = Debug|Any CPU
		{57419457-A982-430E-B360-A5BE4E8FB4E9}.Debug|Any CPU.Build.0 = Debug|Any CPU
		{57419457-A982-430E-B360-A5BE4E8FB4E9}.Release|Any CPU.ActiveCfg = Release|Any CPU
		{57419457-A982-430E-B360-A5BE4E8FB4E9}.Release|Any CPU.Build.0 = Release|Any CPU
		{FDD170AD-F5F8-4E66-9231-7E80AAE7A324}.Debug|Any CPU.ActiveCfg = Debug|Any CPU
		{FDD170AD-F5F8-4E66-9231-7E80AAE7A324}.Debug|Any CPU.Build.0 = Debug|Any CPU
		{FDD170AD-F5F8-4E66-9231-7E80AAE7A324}.Release|Any CPU.ActiveCfg = Release|Any CPU
		{FDD170AD-F5F8-4E66-9231-7E80AAE7A324}.Release|Any CPU.Build.0 = Release|Any CPU
		{4638ADC6-B516-4784-A2A0-8105B4C1F5AB}.Debug|Any CPU.ActiveCfg = Debug|Any CPU
		{4638ADC6-B516-4784-A2A0-8105B4C1F5AB}.Debug|Any CPU.Build.0 = Debug|Any CPU
		{4638ADC6-B516-4784-A2A0-8105B4C1F5AB}.Release|Any CPU.ActiveCfg = Release|Any CPU
		{4638ADC6-B516-4784-A2A0-8105B4C1F5AB}.Release|Any CPU.Build.0 = Release|Any CPU
		{0712F038-D45F-4C78-B202-EC76D1017604}.Debug|Any CPU.ActiveCfg = Debug|Any CPU
		{0712F038-D45F-4C78-B202-EC76D1017604}.Debug|Any CPU.Build.0 = Debug|Any CPU
		{0712F038-D45F-4C78-B202-EC76D1017604}.Release|Any CPU.ActiveCfg = Release|Any CPU
		{0712F038-D45F-4C78-B202-EC76D1017604}.Release|Any CPU.Build.0 = Release|Any CPU
		{F48B2EFA-F78B-4BD3-866E-3765F2547023}.Debug|Any CPU.ActiveCfg = Debug|Any CPU
		{F48B2EFA-F78B-4BD3-866E-3765F2547023}.Debug|Any CPU.Build.0 = Debug|Any CPU
		{F48B2EFA-F78B-4BD3-866E-3765F2547023}.Release|Any CPU.ActiveCfg = Release|Any CPU
		{F48B2EFA-F78B-4BD3-866E-3765F2547023}.Release|Any CPU.Build.0 = Release|Any CPU
		{07C47E5C-F784-47AC-A7AA-0BB7C6D02215}.Debug|Any CPU.ActiveCfg = Debug|Any CPU
		{07C47E5C-F784-47AC-A7AA-0BB7C6D02215}.Debug|Any CPU.Build.0 = Debug|Any CPU
		{07C47E5C-F784-47AC-A7AA-0BB7C6D02215}.Release|Any CPU.ActiveCfg = Release|Any CPU
		{07C47E5C-F784-47AC-A7AA-0BB7C6D02215}.Release|Any CPU.Build.0 = Release|Any CPU
		{B92FDBED-98F0-4268-89DD-0E3682B0D1B5}.Debug|Any CPU.ActiveCfg = Debug|Any CPU
		{B92FDBED-98F0-4268-89DD-0E3682B0D1B5}.Debug|Any CPU.Build.0 = Debug|Any CPU
		{B92FDBED-98F0-4268-89DD-0E3682B0D1B5}.Release|Any CPU.ActiveCfg = Release|Any CPU
		{B92FDBED-98F0-4268-89DD-0E3682B0D1B5}.Release|Any CPU.Build.0 = Release|Any CPU
		{D082B72D-F964-4EBD-B2B2-926CB439C64A}.Debug|Any CPU.ActiveCfg = Debug|Any CPU
		{D082B72D-F964-4EBD-B2B2-926CB439C64A}.Debug|Any CPU.Build.0 = Debug|Any CPU
		{D082B72D-F964-4EBD-B2B2-926CB439C64A}.Release|Any CPU.ActiveCfg = Release|Any CPU
		{D082B72D-F964-4EBD-B2B2-926CB439C64A}.Release|Any CPU.Build.0 = Release|Any CPU
		{E7D4438A-2754-4C79-837A-6D860F458DDF}.Debug|Any CPU.ActiveCfg = Debug|Any CPU
		{E7D4438A-2754-4C79-837A-6D860F458DDF}.Debug|Any CPU.Build.0 = Debug|Any CPU
		{E7D4438A-2754-4C79-837A-6D860F458DDF}.Release|Any CPU.ActiveCfg = Release|Any CPU
		{E7D4438A-2754-4C79-837A-6D860F458DDF}.Release|Any CPU.Build.0 = Release|Any CPU
		{E9A5956A-1AEA-4D36-ADB3-A2907F272C33}.Debug|Any CPU.ActiveCfg = Debug|Any CPU
		{E9A5956A-1AEA-4D36-ADB3-A2907F272C33}.Debug|Any CPU.Build.0 = Debug|Any CPU
		{E9A5956A-1AEA-4D36-ADB3-A2907F272C33}.Release|Any CPU.ActiveCfg = Release|Any CPU
		{E9A5956A-1AEA-4D36-ADB3-A2907F272C33}.Release|Any CPU.Build.0 = Release|Any CPU
		{B0B5BA7C-54B4-40DB-ACED-103AA157B95B}.Debug|Any CPU.ActiveCfg = Debug|Any CPU
		{B0B5BA7C-54B4-40DB-ACED-103AA157B95B}.Debug|Any CPU.Build.0 = Debug|Any CPU
		{B0B5BA7C-54B4-40DB-ACED-103AA157B95B}.Release|Any CPU.ActiveCfg = Release|Any CPU
		{B0B5BA7C-54B4-40DB-ACED-103AA157B95B}.Release|Any CPU.Build.0 = Release|Any CPU
		{94645A24-48DD-4C9A-8372-0D9A42E6AA30}.Debug|Any CPU.ActiveCfg = Debug|Any CPU
		{94645A24-48DD-4C9A-8372-0D9A42E6AA30}.Debug|Any CPU.Build.0 = Debug|Any CPU
		{94645A24-48DD-4C9A-8372-0D9A42E6AA30}.Release|Any CPU.ActiveCfg = Release|Any CPU
		{94645A24-48DD-4C9A-8372-0D9A42E6AA30}.Release|Any CPU.Build.0 = Release|Any CPU
		{27470399-4D74-4180-B571-C4C0C03432E2}.Debug|Any CPU.ActiveCfg = Debug|Any CPU
		{27470399-4D74-4180-B571-C4C0C03432E2}.Debug|Any CPU.Build.0 = Debug|Any CPU
		{27470399-4D74-4180-B571-C4C0C03432E2}.Release|Any CPU.ActiveCfg = Release|Any CPU
		{27470399-4D74-4180-B571-C4C0C03432E2}.Release|Any CPU.Build.0 = Release|Any CPU
		{236F3CB5-940C-4C36-8D45-E7C4C6B507DB}.Debug|Any CPU.ActiveCfg = Debug|Any CPU
		{236F3CB5-940C-4C36-8D45-E7C4C6B507DB}.Debug|Any CPU.Build.0 = Debug|Any CPU
		{236F3CB5-940C-4C36-8D45-E7C4C6B507DB}.Release|Any CPU.ActiveCfg = Release|Any CPU
		{236F3CB5-940C-4C36-8D45-E7C4C6B507DB}.Release|Any CPU.Build.0 = Release|Any CPU
	EndGlobalSection
	GlobalSection(SolutionProperties) = preSolution
		HideSolutionNode = FALSE
	EndGlobalSection
	GlobalSection(NestedProjects) = preSolution
		{0767168B-AE62-4634-9E3C-ECCB68866B28} = {F2B774D1-B7AD-49C0-85F9-130B5EAA5712}
		{57419457-A982-430E-B360-A5BE4E8FB4E9} = {F2B774D1-B7AD-49C0-85F9-130B5EAA5712}
		{FDD170AD-F5F8-4E66-9231-7E80AAE7A324} = {F2B774D1-B7AD-49C0-85F9-130B5EAA5712}
		{4638ADC6-B516-4784-A2A0-8105B4C1F5AB} = {F2B774D1-B7AD-49C0-85F9-130B5EAA5712}
		{0712F038-D45F-4C78-B202-EC76D1017604} = {F2B774D1-B7AD-49C0-85F9-130B5EAA5712}
		{F48B2EFA-F78B-4BD3-866E-3765F2547023} = {F2B774D1-B7AD-49C0-85F9-130B5EAA5712}
		{07C47E5C-F784-47AC-A7AA-0BB7C6D02215} = {F2B774D1-B7AD-49C0-85F9-130B5EAA5712}
		{B92FDBED-98F0-4268-89DD-0E3682B0D1B5} = {624EFF20-05ED-4C9D-BF4C-62E0E9B22C73}
		{D082B72D-F964-4EBD-B2B2-926CB439C64A} = {624EFF20-05ED-4C9D-BF4C-62E0E9B22C73}
		{E7D4438A-2754-4C79-837A-6D860F458DDF} = {624EFF20-05ED-4C9D-BF4C-62E0E9B22C73}
		{E9A5956A-1AEA-4D36-ADB3-A2907F272C33} = {624EFF20-05ED-4C9D-BF4C-62E0E9B22C73}
		{B0B5BA7C-54B4-40DB-ACED-103AA157B95B} = {624EFF20-05ED-4C9D-BF4C-62E0E9B22C73}
		{94645A24-48DD-4C9A-8372-0D9A42E6AA30} = {624EFF20-05ED-4C9D-BF4C-62E0E9B22C73}
		{27470399-4D74-4180-B571-C4C0C03432E2} = {624EFF20-05ED-4C9D-BF4C-62E0E9B22C73}
		{236F3CB5-940C-4C36-8D45-E7C4C6B507DB} = {F2B774D1-B7AD-49C0-85F9-130B5EAA5712}
	EndGlobalSection
	GlobalSection(ExtensibilityGlobals) = postSolution
		SolutionGuid = {34CB8F11-C2C8-4D51-A811-D7A2FAC394BA}
	EndGlobalSection
EndGlobal
